# This file is automatically @generated by Cargo.
# It is not intended for manual editing.
version = 3

[[package]]
name = "anyhow"
version = "1.0.58"
source = "registry+https://github.com/rust-lang/crates.io-index"
checksum = "bb07d2053ccdbe10e2af2995a2f116c1330396493dc1269f6a91d0ae82e19704"

[[package]]
name = "arrayvec"
version = "0.7.2"
source = "registry+https://github.com/rust-lang/crates.io-index"
checksum = "8da52d66c7071e2e3fa2a1e5c6d088fec47b593032b254f5e980de8ea54454d6"

[[package]]
name = "bitstream-io"
version = "1.5.0"
source = "registry+https://github.com/rust-lang/crates.io-index"
checksum = "97d524fdb78bf6dc6d2dc4c02043e4b4962ede0a17ae3e13f0ed211a7eda5897"

[[package]]
name = "dem"
version = "0.1.0"
dependencies = [
 "anyhow",
 "arrayvec",
 "bitstream-io",
]
